
Microsoft Visual Studio Solution File, Format Version 12.00
# Visual Studio Version 17
VisualStudioVersion = 17.6.33723.286
MinimumVisualStudioVersion = 10.0.40219.1
Project("{FAE04EC0-301F-11D3-BF4B-00C04F79EFBC}") = "SwisscomAutomation", "SwisscomAutomation.csproj", "{534FD706-BEF0-4873-98C6-15A3E0088173}"
EndProject
Global
	GlobalSection(SolutionConfigurationPlatforms) = preSolution
		Debug|Any CPU = Debug|Any CPU
		Release|Any CPU = Release|Any CPU
	EndGlobalSection
	GlobalSection(ProjectConfigurationPlatforms) = postSolution
		{534FD706-BEF0-4873-98C6-15A3E0088173}.Debug|Any CPU.ActiveCfg = Debug|Any CPU
		{534FD706-BEF0-4873-98C6-15A3E0088173}.Debug|Any CPU.Build.0 = Debug|Any CPU
		{534FD706-BEF0-4873-98C6-15A3E0088173}.Release|Any CPU.ActiveCfg = Release|Any CPU
		{534FD706-BEF0-4873-98C6-15A3E0088173}.Release|Any CPU.Build.0 = Release|Any CPU
	EndGlobalSection
	GlobalSection(SolutionProperties) = preSolution
		HideSolutionNode = FALSE
	EndGlobalSection
	GlobalSection(ExtensibilityGlobals) = postSolution
		SolutionGuid = {5CBC58D9-2023-46A9-830C-891F711D537C}
	EndGlobalSection
EndGlobal
